// !$*UTF8*$!
{
	archiveVersion = 1;
	classes = {
	};
	objectVersion = 56;
	objects = {

/* Begin PBXBuildFile section */
		C108206D2AF3FB3400036D22 /* WeatherAppApp.swift in Sources */ = {isa = PBXBuildFile; fileRef = C108206C2AF3FB3400036D22 /* WeatherAppApp.swift */; };
		C108206F2AF3FB3400036D22 /* ContentView.swift in Sources */ = {isa = PBXBuildFile; fileRef = C108206E2AF3FB3400036D22 /* ContentView.swift */; };
		C10820712AF3FB3600036D22 /* Assets.xcassets in Resources */ = {isa = PBXBuildFile; fileRef = C10820702AF3FB3600036D22 /* Assets.xcassets */; };
		C10820742AF3FB3600036D22 /* Preview Assets.xcassets in Resources */ = {isa = PBXBuildFile; fileRef = C10820732AF3FB3600036D22 /* Preview Assets.xcassets */; };
		C108207E2AF3FC2000036D22 /* WeatherView.swift in Sources */ = {isa = PBXBuildFile; fileRef = C108207D2AF3FC2000036D22 /* WeatherView.swift */; };
		C10820812AF3FE6300036D22 /* Lottie in Frameworks */ = {isa = PBXBuildFile; productRef = C10820802AF3FE6300036D22 /* Lottie */; };
		C10820882AF4001A00036D22 /* wait.json in Resources */ = {isa = PBXBuildFile; fileRef = C10820832AF4001A00036D22 /* wait.json */; };
		C10820892AF4001A00036D22 /* snow.json in Resources */ = {isa = PBXBuildFile; fileRef = C10820842AF4001A00036D22 /* snow.json */; };
		C108208A2AF4001A00036D22 /* sunny.json in Resources */ = {isa = PBXBuildFile; fileRef = C10820852AF4001A00036D22 /* sunny.json */; };
		C108208B2AF4001A00036D22 /* thunder.json in Resources */ = {isa = PBXBuildFile; fileRef = C10820862AF4001A00036D22 /* thunder.json */; };
		C108208C2AF4001A00036D22 /* rainy.json in Resources */ = {isa = PBXBuildFile; fileRef = C10820872AF4001A00036D22 /* rainy.json */; };
		C108208E2AF4002F00036D22 /* LottieView.swift in Sources */ = {isa = PBXBuildFile; fileRef = C108208D2AF4002F00036D22 /* LottieView.swift */; };
		C10820902AF4019000036D22 /* LottieFilesConstants.swift in Sources */ = {isa = PBXBuildFile; fileRef = C108208F2AF4019000036D22 /* LottieFilesConstants.swift */; };
		C10820922AF403B100036D22 /* LocationManager.swift in Sources */ = {isa = PBXBuildFile; fileRef = C10820912AF403B100036D22 /* LocationManager.swift */; };
/* End PBXBuildFile section */

/* Begin PBXFileReference section */
		C10820692AF3FB3400036D22 /* WeatherApp.app */ = {isa = PBXFileReference; explicitFileType = wrapper.application; includeInIndex = 0; path = WeatherApp.app; sourceTree = BUILT_PRODUCTS_DIR; };
		C108206C2AF3FB3400036D22 /* WeatherAppApp.swift */ = {isa = PBXFileReference; lastKnownFileType = sourcecode.swift; path = WeatherAppApp.swift; sourceTree = "<group>"; };
		C108206E2AF3FB3400036D22 /* ContentView.swift */ = {isa = PBXFileReference; lastKnownFileType = sourcecode.swift; path = ContentView.swift; sourceTree = "<group>"; };
		C10820702AF3FB3600036D22 /* Assets.xcassets */ = {isa = PBXFileReference; lastKnownFileType = folder.assetcatalog; path = Assets.xcassets; sourceTree = "<group>"; };
		C10820732AF3FB3600036D22 /* Preview Assets.xcassets */ = {isa = PBXFileReference; lastKnownFileType = folder.assetcatalog; path = "Preview Assets.xcassets"; sourceTree = "<group>"; };
		C108207D2AF3FC2000036D22 /* WeatherView.swift */ = {isa = PBXFileReference; lastKnownFileType = sourcecode.swift; path = WeatherView.swift; sourceTree = "<group>"; };
		C10820832AF4001A00036D22 /* wait.json */ = {isa = PBXFileReference; fileEncoding = 4; lastKnownFileType = text.json; name = wait.json; path = ../../../../FLUTTER/weather_app/assets/wait.json; sourceTree = "<group>"; };
		C10820842AF4001A00036D22 /* snow.json */ = {isa = PBXFileReference; fileEncoding = 4; lastKnownFileType = text.json; name = snow.json; path = ../../../../FLUTTER/weather_app/assets/snow.json; sourceTree = "<group>"; };
		C10820852AF4001A00036D22 /* sunny.json */ = {isa = PBXFileReference; fileEncoding = 4; lastKnownFileType = text.json; name = sunny.json; path = ../../../../FLUTTER/weather_app/assets/sunny.json; sourceTree = "<group>"; };
		C10820862AF4001A00036D22 /* thunder.json */ = {isa = PBXFileReference; fileEncoding = 4; lastKnownFileType = text.json; name = thunder.json; path = ../../../../FLUTTER/weather_app/assets/thunder.json; sourceTree = "<group>"; };
		C10820872AF4001A00036D22 /* rainy.json */ = {isa = PBXFileReference; fileEncoding = 4; lastKnownFileType = text.json; name = rainy.json; path = ../../../../FLUTTER/weather_app/assets/rainy.json; sourceTree = "<group>"; };
		C108208D2AF4002F00036D22 /* LottieView.swift */ = {isa = PBXFileReference; lastKnownFileType = sourcecode.swift; path = LottieView.swift; sourceTree = "<group>"; };
		C108208F2AF4019000036D22 /* LottieFilesConstants.swift */ = {isa = PBXFileReference; lastKnownFileType = sourcecode.swift; path = LottieFilesConstants.swift; sourceTree = "<group>"; };
		C10820912AF403B100036D22 /* LocationManager.swift */ = {isa = PBXFileReference; lastKnownFileType = sourcecode.swift; path = LocationManager.swift; sourceTree = "<group>"; };
/* End PBXFileReference section */

/* Begin PBXFrameworksBuildPhase section */
		C10820662AF3FB3400036D22 /* Frameworks */ = {
			isa = PBXFrameworksBuildPhase;
			buildActionMask = 2147483647;
			files = (
				C10820812AF3FE6300036D22 /* Lottie in Frameworks */,
			);
			runOnlyForDeploymentPostprocessing = 0;
		};
/* End PBXFrameworksBuildPhase section */

/* Begin PBXGroup section */
		C10820602AF3FB3400036D22 = {
			isa = PBXGroup;
			children = (
				C108206B2AF3FB3400036D22 /* WeatherApp */,
				C108206A2AF3FB3400036D22 /* Products */,
			);
			sourceTree = "<group>";
		};
		C108206A2AF3FB3400036D22 /* Products */ = {
			isa = PBXGroup;
			children = (
				C10820692AF3FB3400036D22 /* WeatherApp.app */,
			);
			name = Products;
			sourceTree = "<group>";
		};
		C108206B2AF3FB3400036D22 /* WeatherApp */ = {
			isa = PBXGroup;
			children = (
				C10820822AF4000100036D22 /* Lottie files */,
				C108207C2AF3FBE100036D22 /* Managers */,
				C108207A2AF3FBD100036D22 /* Views */,
				C108206C2AF3FB3400036D22 /* WeatherAppApp.swift */,
				C10820702AF3FB3600036D22 /* Assets.xcassets */,
				C10820722AF3FB3600036D22 /* Preview Content */,
			);
			path = WeatherApp;
			sourceTree = "<group>";
		};
		C10820722AF3FB3600036D22 /* Preview Content */ = {
			isa = PBXGroup;
			children = (
				C10820732AF3FB3600036D22 /* Preview Assets.xcassets */,
			);
			path = "Preview Content";
			sourceTree = "<group>";
		};
		C108207A2AF3FBD100036D22 /* Views */ = {
			isa = PBXGroup;
			children = (
				C108206E2AF3FB3400036D22 /* ContentView.swift */,
				C108207D2AF3FC2000036D22 /* WeatherView.swift */,
				C108208D2AF4002F00036D22 /* LottieView.swift */,
			);
			path = Views;
			sourceTree = "<group>";
		};
		C108207C2AF3FBE100036D22 /* Managers */ = {
			isa = PBXGroup;
			children = (
				C10820912AF403B100036D22 /* LocationManager.swift */,
			);
			path = Managers;
			sourceTree = "<group>";
		};
		C10820822AF4000100036D22 /* Lottie files */ = {
			isa = PBXGroup;
			children = (
				C10820872AF4001A00036D22 /* rainy.json */,
				C10820842AF4001A00036D22 /* snow.json */,
				C10820852AF4001A00036D22 /* sunny.json */,
				C10820862AF4001A00036D22 /* thunder.json */,
				C10820832AF4001A00036D22 /* wait.json */,
				C108208F2AF4019000036D22 /* LottieFilesConstants.swift */,
			);
			path = "Lottie files";
			sourceTree = "<group>";
		};
/* End PBXGroup section */

/* Begin PBXNativeTarget section */
		C10820682AF3FB3400036D22 /* WeatherApp */ = {
			isa = PBXNativeTarget;
			buildConfigurationList = C10820772AF3FB3600036D22 /* Build configuration list for PBXNativeTarget "WeatherApp" */;
			buildPhases = (
				C10820652AF3FB3400036D22 /* Sources */,
				C10820662AF3FB3400036D22 /* Frameworks */,
				C10820672AF3FB3400036D22 /* Resources */,
			);
			buildRules = (
			);
			dependencies = (
			);
			name = WeatherApp;
			packageProductDependencies = (
				C10820802AF3FE6300036D22 /* Lottie */,
			);
			productName = WeatherApp;
			productReference = C10820692AF3FB3400036D22 /* WeatherApp.app */;
			productType = "com.apple.product-type.application";
		};
/* End PBXNativeTarget section */

/* Begin PBXProject section */
		C10820612AF3FB3400036D22 /* Project object */ = {
			isa = PBXProject;
			attributes = {
				BuildIndependentTargetsInParallel = 1;
				LastSwiftUpdateCheck = 1500;
				LastUpgradeCheck = 1500;
				TargetAttributes = {
					C10820682AF3FB3400036D22 = {
						CreatedOnToolsVersion = 15.0.1;
					};
				};
			};
			buildConfigurationList = C10820642AF3FB3400036D22 /* Build configuration list for PBXProject "WeatherApp" */;
			compatibilityVersion = "Xcode 14.0";
			developmentRegion = en;
			hasScannedForEncodings = 0;
			knownRegions = (
				en,
				Base,
			);
			mainGroup = C10820602AF3FB3400036D22;
			packageReferences = (
				C108207F2AF3FE6300036D22 /* XCRemoteSwiftPackageReference "lottie-ios" */,
			);
			productRefGroup = C108206A2AF3FB3400036D22 /* Products */;
			projectDirPath = "";
			projectRoot = "";
			targets = (
				C10820682AF3FB3400036D22 /* WeatherApp */,
			);
		};
/* End PBXProject section */

/* Begin PBXResourcesBuildPhase section */
		C10820672AF3FB3400036D22 /* Resources */ = {
			isa = PBXResourcesBuildPhase;
			buildActionMask = 2147483647;
			files = (
				C10820892AF4001A00036D22 /* snow.json in Resources */,
				C10820742AF3FB3600036D22 /* Preview Assets.xcassets in Resources */,
				C108208B2AF4001A00036D22 /* thunder.json in Resources */,
				C108208A2AF4001A00036D22 /* sunny.json in Resources */,
				C108208C2AF4001A00036D22 /* rainy.json in Resources */,
				C10820712AF3FB3600036D22 /* Assets.xcassets in Resources */,
				C10820882AF4001A00036D22 /* wait.json in Resources */,
			);
			runOnlyForDeploymentPostprocessing = 0;
		};
/* End PBXResourcesBuildPhase section */

/* Begin PBXSourcesBuildPhase section */
		C10820652AF3FB3400036D22 /* Sources */ = {
			isa = PBXSourcesBuildPhase;
			buildActionMask = 2147483647;
			files = (
				C108207E2AF3FC2000036D22 /* WeatherView.swift in Sources */,
				C108206F2AF3FB3400036D22 /* ContentView.swift in Sources */,
				C10820922AF403B100036D22 /* LocationManager.swift in Sources */,
				C10820902AF4019000036D22 /* LottieFilesConstants.swift in Sources */,
				C108206D2AF3FB3400036D22 /* WeatherAppApp.swift in Sources */,
				C108208E2AF4002F00036D22 /* LottieView.swift in Sources */,
			);
			runOnlyForDeploymentPostprocessing = 0;
		};
/* End PBXSourcesBuildPhase section */

/* Begin XCBuildConfiguration section */
		C10820752AF3FB3600036D22 /* Debug */ = {
			isa = XCBuildConfiguration;
			buildSettings = {
				ALWAYS_SEARCH_USER_PATHS = NO;
				ASSETCATALOG_COMPILER_GENERATE_SWIFT_ASSET_SYMBOL_EXTENSIONS = YES;
				CLANG_ANALYZER_NONNULL = YES;
				CLANG_ANALYZER_NUMBER_OBJECT_CONVERSION = YES_AGGRESSIVE;
				CLANG_CXX_LANGUAGE_STANDARD = "gnu++20";
				CLANG_ENABLE_MODULES = YES;
				CLANG_ENABLE_OBJC_ARC = YES;
				CLANG_ENABLE_OBJC_WEAK = YES;
				CLANG_WARN_BLOCK_CAPTURE_AUTORELEASING = YES;
				CLANG_WARN_BOOL_CONVERSION = YES;
				CLANG_WARN_COMMA = YES;
				CLANG_WARN_CONSTANT_CONVERSION = YES;
				CLANG_WARN_DEPRECATED_OBJC_IMPLEMENTATIONS = YES;
				CLANG_WARN_DIRECT_OBJC_ISA_USAGE = YES_ERROR;
				CLANG_WARN_DOCUMENTATION_COMMENTS = YES;
				CLANG_WARN_EMPTY_BODY = YES;
				CLANG_WARN_ENUM_CONVERSION = YES;
				CLANG_WARN_INFINITE_RECURSION = YES;
				CLANG_WARN_INT_CONVERSION = YES;
				CLANG_WARN_NON_LITERAL_NULL_CONVERSION = YES;
				CLANG_WARN_OBJC_IMPLICIT_RETAIN_SELF = YES;
				CLANG_WARN_OBJC_LITERAL_CONVERSION = YES;
				CLANG_WARN_OBJC_ROOT_CLASS = YES_ERROR;
				CLANG_WARN_QUOTED_INCLUDE_IN_FRAMEWORK_HEADER = YES;
				CLANG_WARN_RANGE_LOOP_ANALYSIS = YES;
				CLANG_WARN_STRICT_PROTOTYPES = YES;
				CLANG_WARN_SUSPICIOUS_MOVE = YES;
				CLANG_WARN_UNGUARDED_AVAILABILITY = YES_AGGRESSIVE;
				CLANG_WARN_UNREACHABLE_CODE = YES;
				CLANG_WARN__DUPLICATE_METHOD_MATCH = YES;
				COPY_PHASE_STRIP = NO;
				DEBUG_INFORMATION_FORMAT = dwarf;
				ENABLE_STRICT_OBJC_MSGSEND = YES;
				ENABLE_TESTABILITY = YES;
				ENABLE_USER_SCRIPT_SANDBOXING = YES;
				GCC_C_LANGUAGE_STANDARD = gnu17;
				GCC_DYNAMIC_NO_PIC = NO;
				GCC_NO_COMMON_BLOCKS = YES;
				GCC_OPTIMIZATION_LEVEL = 0;
				GCC_PREPROCESSOR_DEFINITIONS = (
					"DEBUG=1",
					"$(inherited)",
				);
				GCC_WARN_64_TO_32_BIT_CONVERSION = YES;
				GCC_WARN_ABOUT_RETURN_TYPE = YES_ERROR;
				GCC_WARN_UNDECLARED_SELECTOR = YES;
				GCC_WARN_UNINITIALIZED_AUTOS = YES_AGGRESSIVE;
				GCC_WARN_UNUSED_FUNCTION = YES;
				GCC_WARN_UNUSED_VARIABLE = YES;
				IPHONEOS_DEPLOYMENT_TARGET = 17.0;
				LOCALIZATION_PREFERS_STRING_CATALOGS = YES;
				MTL_ENABLE_DEBUG_INFO = INCLUDE_SOURCE;
				MTL_FAST_MATH = YES;
				ONLY_ACTIVE_ARCH = YES;
				SDKROOT = iphoneos;
				SWIFT_ACTIVE_COMPILATION_CONDITIONS = "DEBUG $(inherited)";
				SWIFT_OPTIMIZATION_LEVEL = "-Onone";
			};
			name = Debug;
		};
		C10820762AF3FB3600036D22 /* Release */ = {
			isa = XCBuildConfiguration;
			buildSettings = {
				ALWAYS_SEARCH_USER_PATHS = NO;
				ASSETCATALOG_COMPILER_GENERATE_SWIFT_ASSET_SYMBOL_EXTENSIONS = YES;
				CLANG_ANALYZER_NONNULL = YES;
				CLANG_ANALYZER_NUMBER_OBJECT_CONVERSION = YES_AGGRESSIVE;
				CLANG_CXX_LANGUAGE_STANDARD = "gnu++20";
				CLANG_ENABLE_MODULES = YES;
				CLANG_ENABLE_OBJC_ARC = YES;
				CLANG_ENABLE_OBJC_WEAK = YES;
				CLANG_WARN_BLOCK_CAPTURE_AUTORELEASING = YES;
				CLANG_WARN_BOOL_CONVERSION = YES;
				CLANG_WARN_COMMA = YES;
				CLANG_WARN_CONSTANT_CONVERSION = YES;
				CLANG_WARN_DEPRECATED_OBJC_IMPLEMENTATIONS = YES;
				CLANG_WARN_DIRECT_OBJC_ISA_USAGE = YES_ERROR;
				CLANG_WARN_DOCUMENTATION_COMMENTS = YES;
				CLANG_WARN_EMPTY_BODY = YES;
				CLANG_WARN_ENUM_CONVERSION = YES;
				CLANG_WARN_INFINITE_RECURSION = YES;
				CLANG_WARN_INT_CONVERSION = YES;
				CLANG_WARN_NON_LITERAL_NULL_CONVERSION = YES;
				CLANG_WARN_OBJC_IMPLICIT_RETAIN_SELF = YES;
				CLANG_WARN_OBJC_LITERAL_CONVERSION = YES;
				CLANG_WARN_OBJC_ROOT_CLASS = YES_ERROR;
				CLANG_WARN_QUOTED_INCLUDE_IN_FRAMEWORK_HEADER = YES;
				CLANG_WARN_RANGE_LOOP_ANALYSIS = YES;
				CLANG_WARN_STRICT_PROTOTYPES = YES;
				CLANG_WARN_SUSPICIOUS_MOVE = YES;
				CLANG_WARN_UNGUARDED_AVAILABILITY = YES_AGGRESSIVE;
				CLANG_WARN_UNREACHABLE_CODE = YES;
				CLANG_WARN__DUPLICATE_METHOD_MATCH = YES;
				COPY_PHASE_STRIP = NO;
				DEBUG_INFORMATION_FORMAT = "dwarf-with-dsym";
				ENABLE_NS_ASSERTIONS = NO;
				ENABLE_STRICT_OBJC_MSGSEND = YES;
				ENABLE_USER_SCRIPT_SANDBOXING = YES;
				GCC_C_LANGUAGE_STANDARD = gnu17;
				GCC_NO_COMMON_BLOCKS = YES;
				GCC_WARN_64_TO_32_BIT_CONVERSION = YES;
				GCC_WARN_ABOUT_RETURN_TYPE = YES_ERROR;
				GCC_WARN_UNDECLARED_SELECTOR = YES;
				GCC_WARN_UNINITIALIZED_AUTOS = YES_AGGRESSIVE;
				GCC_WARN_UNUSED_FUNCTION = YES;
				GCC_WARN_UNUSED_VARIABLE = YES;
				IPHONEOS_DEPLOYMENT_TARGET = 17.0;
				LOCALIZATION_PREFERS_STRING_CATALOGS = YES;
				MTL_ENABLE_DEBUG_INFO = NO;
				MTL_FAST_MATH = YES;
				SDKROOT = iphoneos;
				SWIFT_COMPILATION_MODE = wholemodule;
				VALIDATE_PRODUCT = YES;
			};
			name = Release;
		};
		C10820782AF3FB3600036D22 /* Debug */ = {
			isa = XCBuildConfiguration;
			buildSettings = {
				ASSETCATALOG_COMPILER_APPICON_NAME = AppIcon;
				ASSETCATALOG_COMPILER_GLOBAL_ACCENT_COLOR_NAME = AccentColor;
				CODE_SIGN_STYLE = Automatic;
				CURRENT_PROJECT_VERSION = 1;
				DEVELOPMENT_ASSET_PATHS = "\"WeatherApp/Preview Content\"";
				DEVELOPMENT_TEAM = 76237HA5DT;
				ENABLE_PREVIEWS = YES;
				GENERATE_INFOPLIST_FILE = YES;
				INFOPLIST_KEY_UIApplicationSceneManifest_Generation = YES;
				INFOPLIST_KEY_UIApplicationSupportsIndirectInputEvents = YES;
				INFOPLIST_KEY_UILaunchScreen_Generation = YES;
				INFOPLIST_KEY_UISupportedInterfaceOrientations_iPad = "UIInterfaceOrientationPortrait UIInterfaceOrientationPortraitUpsideDown UIInterfaceOrientationLandscapeLeft UIInterfaceOrientationLandscapeRight";
				INFOPLIST_KEY_UISupportedInterfaceOrientations_iPhone = "UIInterfaceOrientationPortrait UIInterfaceOrientationLandscapeLeft UIInterfaceOrientationLandscapeRight";
				LD_RUNPATH_SEARCH_PATHS = (
					"$(inherited)",
					"@executable_path/Frameworks",
				);
				MARKETING_VERSION = 1.0;
				PRODUCT_BUNDLE_IDENTIFIER = mr.WeatherApp;
				PRODUCT_NAME = "$(TARGET_NAME)";
				SWIFT_EMIT_LOC_STRINGS = YES;
				SWIFT_VERSION = 5.0;
				TARGETED_DEVICE_FAMILY = "1,2";
			};
			name = Debug;
		};
		C10820792AF3FB3600036D22 /* Release */ = {
			isa = XCBuildConfiguration;
			buildSettings = {
				ASSETCATALOG_COMPILER_APPICON_NAME = AppIcon;
				ASSETCATALOG_COMPILER_GLOBAL_ACCENT_COLOR_NAME = AccentColor;
				CODE_SIGN_STYLE = Automatic;
				CURRENT_PROJECT_VERSION = 1;
				DEVELOPMENT_ASSET_PATHS = "\"WeatherApp/Preview Content\"";
				DEVELOPMENT_TEAM = 76237HA5DT;
				ENABLE_PREVIEWS = YES;
				GENERATE_INFOPLIST_FILE = YES;
				INFOPLIST_KEY_UIApplicationSceneManifest_Generation = YES;
				INFOPLIST_KEY_UIApplicationSupportsIndirectInputEvents = YES;
				INFOPLIST_KEY_UILaunchScreen_Generation = YES;
				INFOPLIST_KEY_UISupportedInterfaceOrientations_iPad = "UIInterfaceOrientationPortrait UIInterfaceOrientationPortraitUpsideDown UIInterfaceOrientationLandscapeLeft UIInterfaceOrientationLandscapeRight";
				INFOPLIST_KEY_UISupportedInterfaceOrientations_iPhone = "UIInterfaceOrientationPortrait UIInterfaceOrientationLandscapeLeft UIInterfaceOrientationLandscapeRight";
				LD_RUNPATH_SEARCH_PATHS = (
					"$(inherited)",
					"@executable_path/Frameworks",
				);
				MARKETING_VERSION = 1.0;
				PRODUCT_BUNDLE_IDENTIFIER = mr.WeatherApp;
				PRODUCT_NAME = "$(TARGET_NAME)";
				SWIFT_EMIT_LOC_STRINGS = YES;
				SWIFT_VERSION = 5.0;
				TARGETED_DEVICE_FAMILY = "1,2";
			};
			name = Release;
		};
/* End XCBuildConfiguration section */

/* Begin XCConfigurationList section */
		C10820642AF3FB3400036D22 /* Build configuration list for PBXProject "WeatherApp" */ = {
			isa = XCConfigurationList;
			buildConfigurations = (
				C10820752AF3FB3600036D22 /* Debug */,
				C10820762AF3FB3600036D22 /* Release */,
			);
			defaultConfigurationIsVisible = 0;
			defaultConfigurationName = Release;
		};
		C10820772AF3FB3600036D22 /* Build configuration list for PBXNativeTarget "WeatherApp" */ = {
			isa = XCConfigurationList;
			buildConfigurations = (
				C10820782AF3FB3600036D22 /* Debug */,
				C10820792AF3FB3600036D22 /* Release */,
			);
			defaultConfigurationIsVisible = 0;
			defaultConfigurationName = Release;
		};
/* End XCConfigurationList section */

/* Begin XCRemoteSwiftPackageReference section */
		C108207F2AF3FE6300036D22 /* XCRemoteSwiftPackageReference "lottie-ios" */ = {
			isa = XCRemoteSwiftPackageReference;
			repositoryURL = "https://github.com/airbnb/lottie-ios";
			requirement = {
				kind = upToNextMajorVersion;
				minimumVersion = 4.3.3;
			};
		};
/* End XCRemoteSwiftPackageReference section */

/* Begin XCSwiftPackageProductDependency section */
		C10820802AF3FE6300036D22 /* Lottie */ = {
			isa = XCSwiftPackageProductDependency;
			package = C108207F2AF3FE6300036D22 /* XCRemoteSwiftPackageReference "lottie-ios" */;
			productName = Lottie;
		};
/* End XCSwiftPackageProductDependency section */
	};
	rootObject = C10820612AF3FB3400036D22 /* Project object */;
}
